
Microsoft Visual Studio Solution File, Format Version 12.00
# Visual Studio Version 17
VisualStudioVersion = 17.0.31903.59
MinimumVisualStudioVersion = 10.0.40219.1
Project("{2150E333-8FDC-42A3-9474-1A3956D46DE8}") = "src", "src", "{827E0CD3-B72D-47B6-A68D-7590B98EB39B}"
EndProject
Project("{FAE04EC0-301F-11D3-BF4B-00C04F79EFBC}") = "ProjectManagement.Core", "src\ProjectManagement.Core\ProjectManagement.Core.csproj", "{74911C15-60EA-47F9-AAA5-8807469936A4}"
EndProject
Project("{FAE04EC0-301F-11D3-BF4B-00C04F79EFBC}") = "ProjectManagement.Infrastructure", "src\ProjectManagement.Infrastructure\ProjectManagement.Infrastructure.csproj", "{5B025BFD-893B-44C4-8982-889DECD2B8AF}"
EndProject
Project("{FAE04EC0-301F-11D3-BF4B-00C04F79EFBC}") = "ProjectManagement.Application", "src\ProjectManagement.Application\ProjectManagement.Application.csproj", "{FE379031-67F9-4099-B4E1-DD6ECE012CE8}"
EndProject
Project("{FAE04EC0-301F-11D3-BF4B-00C04F79EFBC}") = "ProjectManagement.CLI", "src\ProjectManagement.CLI\ProjectManagement.CLI.csproj", "{DDC9ECE6-D1E0-4100-9B7D-D67AD4FF17E5}"
EndProject
Project("{2150E333-8FDC-42A3-9474-1A3956D46DE8}") = "tests", "tests", "{0AB3BF05-4346-4AA6-1389-037BE0695223}"
EndProject
Project("{FAE04EC0-301F-11D3-BF4B-00C04F79EFBC}") = "ProjectManagement.Core.Tests", "tests\ProjectManagement.Core.Tests\ProjectManagement.Core.Tests.csproj", "{C09A7B7B-6356-4EC5-95E3-7CF64A5955E5}"
EndProject
Project("{FAE04EC0-301F-11D3-BF4B-00C04F79EFBC}") = "ProjectManagement.Infrastructure.Tests", "tests\ProjectManagement.Infrastructure.Tests\ProjectManagement.Infrastructure.Tests.csproj", "{B5FACA86-6BC8-4714-8AEC-A369F37A1C9C}"
EndProject
Project("{FAE04EC0-301F-11D3-BF4B-00C04F79EFBC}") = "ProjectManagement.Application.Tests", "tests\ProjectManagement.Application.Tests\ProjectManagement.Application.Tests.csproj", "{8DD1FA0C-7FE2-4264-9142-0A5F771B3E2B}"
EndProject
Project("{FAE04EC0-301F-11D3-BF4B-00C04F79EFBC}") = "ProjectManagement.CLI.Tests", "tests\ProjectManagement.CLI.Tests\ProjectManagement.CLI.Tests.csproj", "{EA583A67-3530-4FFA-83BC-30FB5018813F}"
EndProject
Global
	GlobalSection(SolutionConfigurationPlatforms) = preSolution
		Debug|Any CPU = Debug|Any CPU
		Debug|x64 = Debug|x64
		Debug|x86 = Debug|x86
		Release|Any CPU = Release|Any CPU
		Release|x64 = Release|x64
		Release|x86 = Release|x86
	EndGlobalSection
	GlobalSection(ProjectConfigurationPlatforms) = postSolution
		{74911C15-60EA-47F9-AAA5-8807469936A4}.Debug|Any CPU.ActiveCfg = Debug|Any CPU
		{74911C15-60EA-47F9-AAA5-8807469936A4}.Debug|Any CPU.Build.0 = Debug|Any CPU
		{74911C15-60EA-47F9-AAA5-8807469936A4}.Debug|x64.ActiveCfg = Debug|Any CPU
		{74911C15-60EA-47F9-AAA5-8807469936A4}.Debug|x64.Build.0 = Debug|Any CPU
		{74911C15-60EA-47F9-AAA5-8807469936A4}.Debug|x86.ActiveCfg = Debug|Any CPU
		{74911C15-60EA-47F9-AAA5-8807469936A4}.Debug|x86.Build.0 = Debug|Any CPU
		{74911C15-60EA-47F9-AAA5-8807469936A4}.Release|Any CPU.ActiveCfg = Release|Any CPU
		{74911C15-60EA-47F9-AAA5-8807469936A4}.Release|Any CPU.Build.0 = Release|Any CPU
		{74911C15-60EA-47F9-AAA5-8807469936A4}.Release|x64.ActiveCfg = Release|Any CPU
		{74911C15-60EA-47F9-AAA5-8807469936A4}.Release|x64.Build.0 = Release|Any CPU
		{74911C15-60EA-47F9-AAA5-8807469936A4}.Release|x86.ActiveCfg = Release|Any CPU
		{74911C15-60EA-47F9-AAA5-8807469936A4}.Release|x86.Build.0 = Release|Any CPU
		{5B025BFD-893B-44C4-8982-889DECD2B8AF}.Debug|Any CPU.ActiveCfg = Debug|Any CPU
		{5B025BFD-893B-44C4-8982-889DECD2B8AF}.Debug|Any CPU.Build.0 = Debug|Any CPU
		{5B025BFD-893B-44C4-8982-889DECD2B8AF}.Debug|x64.ActiveCfg = Debug|Any CPU
		{5B025BFD-893B-44C4-8982-889DECD2B8AF}.Debug|x64.Build.0 = Debug|Any CPU
		{5B025BFD-893B-44C4-8982-889DECD2B8AF}.Debug|x86.ActiveCfg = Debug|Any CPU
		{5B025BFD-893B-44C4-8982-889DECD2B8AF}.Debug|x86.Build.0 = Debug|Any CPU
		{5B025BFD-893B-44C4-8982-889DECD2B8AF}.Release|Any CPU.ActiveCfg = Release|Any CPU
		{5B025BFD-893B-44C4-8982-889DECD2B8AF}.Release|Any CPU.Build.0 = Release|Any CPU
		{5B025BFD-893B-44C4-8982-889DECD2B8AF}.Release|x64.ActiveCfg = Release|Any CPU
		{5B025BFD-893B-44C4-8982-889DECD2B8AF}.Release|x64.Build.0 = Release|Any CPU
		{5B025BFD-893B-44C4-8982-889DECD2B8AF}.Release|x86.ActiveCfg = Release|Any CPU
		{5B025BFD-893B-44C4-8982-889DECD2B8AF}.Release|x86.Build.0 = Release|Any CPU
		{FE379031-67F9-4099-B4E1-DD6ECE012CE8}.Debug|Any CPU.ActiveCfg = Debug|Any CPU
		{FE379031-67F9-4099-B4E1-DD6ECE012CE8}.Debug|Any CPU.Build.0 = Debug|Any CPU
		{FE379031-67F9-4099-B4E1-DD6ECE012CE8}.Debug|x64.ActiveCfg = Debug|Any CPU
		{FE379031-67F9-4099-B4E1-DD6ECE012CE8}.Debug|x64.Build.0 = Debug|Any CPU
		{FE379031-67F9-4099-B4E1-DD6ECE012CE8}.Debug|x86.ActiveCfg = Debug|Any CPU
		{FE379031-67F9-4099-B4E1-DD6ECE012CE8}.Debug|x86.Build.0 = Debug|Any CPU
		{FE379031-67F9-4099-B4E1-DD6ECE012CE8}.Release|Any CPU.ActiveCfg = Release|Any CPU
		{FE379031-67F9-4099-B4E1-DD6ECE012CE8}.Release|Any CPU.Build.0 = Release|Any CPU
		{FE379031-67F9-4099-B4E1-DD6ECE012CE8}.Release|x64.ActiveCfg = Release|Any CPU
		{FE379031-67F9-4099-B4E1-DD6ECE012CE8}.Release|x64.Build.0 = Release|Any CPU
		{FE379031-67F9-4099-B4E1-DD6ECE012CE8}.Release|x86.ActiveCfg = Release|Any CPU
		{FE379031-67F9-4099-B4E1-DD6ECE012CE8}.Release|x86.Build.0 = Release|Any CPU
		{DDC9ECE6-D1E0-4100-9B7D-D67AD4FF17E5}.Debug|Any CPU.ActiveCfg = Debug|Any CPU
		{DDC9ECE6-D1E0-4100-9B7D-D67AD4FF17E5}.Debug|Any CPU.Build.0 = Debug|Any CPU
		{DDC9ECE6-D1E0-4100-9B7D-D67AD4FF17E5}.Debug|x64.ActiveCfg = Debug|Any CPU
		{DDC9ECE6-D1E0-4100-9B7D-D67AD4FF17E5}.Debug|x64.Build.0 = Debug|Any CPU
		{DDC9ECE6-D1E0-4100-9B7D-D67AD4FF17E5}.Debug|x86.ActiveCfg = Debug|Any CPU
		{DDC9ECE6-D1E0-4100-9B7D-D67AD4FF17E5}.Debug|x86.Build.0 = Debug|Any CPU
		{DDC9ECE6-D1E0-4100-9B7D-D67AD4FF17E5}.Release|Any CPU.ActiveCfg = Release|Any CPU
		{DDC9ECE6-D1E0-4100-9B7D-D67AD4FF17E5}.Release|Any CPU.Build.0 = Release|Any CPU
		{DDC9ECE6-D1E0-4100-9B7D-D67AD4FF17E5}.Release|x64.ActiveCfg = Release|Any CPU
		{DDC9ECE6-D1E0-4100-9B7D-D67AD4FF17E5}.Release|x64.Build.0 = Release|Any CPU
		{DDC9ECE6-D1E0-4100-9B7D-D67AD4FF17E5}.Release|x86.ActiveCfg = Release|Any CPU
		{DDC9ECE6-D1E0-4100-9B7D-D67AD4FF17E5}.Release|x86.Build.0 = Release|Any CPU
		{C09A7B7B-6356-4EC5-95E3-7CF64A5955E5}.Debug|Any CPU.ActiveCfg = Debug|Any CPU
		{C09A7B7B-6356-4EC5-95E3-7CF64A5955E5}.Debug|Any CPU.Build.0 = Debug|Any CPU
		{C09A7B7B-6356-4EC5-95E3-7CF64A5955E5}.Debug|x64.ActiveCfg = Debug|Any CPU
		{C09A7B7B-6356-4EC5-95E3-7CF64A5955E5}.Debug|x64.Build.0 = Debug|Any CPU
		{C09A7B7B-6356-4EC5-95E3-7CF64A5955E5}.Debug|x86.ActiveCfg = Debug|Any CPU
		{C09A7B7B-6356-4EC5-95E3-7CF64A5955E5}.Debug|x86.Build.0 = Debug|Any CPU
		{C09A7B7B-6356-4EC5-95E3-7CF64A5955E5}.Release|Any CPU.ActiveCfg = Release|Any CPU
		{C09A7B7B-6356-4EC5-95E3-7CF64A5955E5}.Release|Any CPU.Build.0 = Release|Any CPU
		{C09A7B7B-6356-4EC5-95E3-7CF64A5955E5}.Release|x64.ActiveCfg = Release|Any CPU
		{C09A7B7B-6356-4EC5-95E3-7CF64A5955E5}.Release|x64.Build.0 = Release|Any CPU
		{C09A7B7B-6356-4EC5-95E3-7CF64A5955E5}.Release|x86.ActiveCfg = Release|Any CPU
		{C09A7B7B-6356-4EC5-95E3-7CF64A5955E5}.Release|x86.Build.0 = Release|Any CPU
		{B5FACA86-6BC8-4714-8AEC-A369F37A1C9C}.Debug|Any CPU.ActiveCfg = Debug|Any CPU
		{B5FACA86-6BC8-4714-8AEC-A369F37A1C9C}.Debug|Any CPU.Build.0 = Debug|Any CPU
		{B5FACA86-6BC8-4714-8AEC-A369F37A1C9C}.Debug|x64.ActiveCfg = Debug|Any CPU
		{B5FACA86-6BC8-4714-8AEC-A369F37A1C9C}.Debug|x64.Build.0 = Debug|Any CPU
		{B5FACA86-6BC8-4714-8AEC-A369F37A1C9C}.Debug|x86.ActiveCfg = Debug|Any CPU
		{B5FACA86-6BC8-4714-8AEC-A369F37A1C9C}.Debug|x86.Build.0 = Debug|Any CPU
		{B5FACA86-6BC8-4714-8AEC-A369F37A1C9C}.Release|Any CPU.ActiveCfg = Release|Any CPU
		{B5FACA86-6BC8-4714-8AEC-A369F37A1C9C}.Release|Any CPU.Build.0 = Release|Any CPU
		{B5FACA86-6BC8-4714-8AEC-A369F37A1C9C}.Release|x64.ActiveCfg = Release|Any CPU
		{B5FACA86-6BC8-4714-8AEC-A369F37A1C9C}.Release|x64.Build.0 = Release|Any CPU
		{B5FACA86-6BC8-4714-8AEC-A369F37A1C9C}.Release|x86.ActiveCfg = Release|Any CPU
		{B5FACA86-6BC8-4714-8AEC-A369F37A1C9C}.Release|x86.Build.0 = Release|Any CPU
		{8DD1FA0C-7FE2-4264-9142-0A5F771B3E2B}.Debug|Any CPU.ActiveCfg = Debug|Any CPU
		{8DD1FA0C-7FE2-4264-9142-0A5F771B3E2B}.Debug|Any CPU.Build.0 = Debug|Any CPU
		{8DD1FA0C-7FE2-4264-9142-0A5F771B3E2B}.Debug|x64.ActiveCfg = Debug|Any CPU
		{8DD1FA0C-7FE2-4264-9142-0A5F771B3E2B}.Debug|x64.Build.0 = Debug|Any CPU
		{8DD1FA0C-7FE2-4264-9142-0A5F771B3E2B}.Debug|x86.ActiveCfg = Debug|Any CPU
		{8DD1FA0C-7FE2-4264-9142-0A5F771B3E2B}.Debug|x86.Build.0 = Debug|Any CPU
		{8DD1FA0C-7FE2-4264-9142-0A5F771B3E2B}.Release|Any CPU.ActiveCfg = Release|Any CPU
		{8DD1FA0C-7FE2-4264-9142-0A5F771B3E2B}.Release|Any CPU.Build.0 = Release|Any CPU
		{8DD1FA0C-7FE2-4264-9142-0A5F771B3E2B}.Release|x64.ActiveCfg = Release|Any CPU
		{8DD1FA0C-7FE2-4264-9142-0A5F771B3E2B}.Release|x64.Build.0 = Release|Any CPU
		{8DD1FA0C-7FE2-4264-9142-0A5F771B3E2B}.Release|x86.ActiveCfg = Release|Any CPU
		{8DD1FA0C-7FE2-4264-9142-0A5F771B3E2B}.Release|x86.Build.0 = Release|Any CPU
		{EA583A67-3530-4FFA-83BC-30FB5018813F}.Debug|Any CPU.ActiveCfg = Debug|Any CPU
		{EA583A67-3530-4FFA-83BC-30FB5018813F}.Debug|Any CPU.Build.0 = Debug|Any CPU
		{EA583A67-3530-4FFA-83BC-30FB5018813F}.Debug|x64.ActiveCfg = Debug|Any CPU
		{EA583A67-3530-4FFA-83BC-30FB5018813F}.Debug|x64.Build.0 = Debug|Any CPU
		{EA583A67-3530-4FFA-83BC-30FB5018813F}.Debug|x86.ActiveCfg = Debug|Any CPU
		{EA583A67-3530-4FFA-83BC-30FB5018813F}.Debug|x86.Build.0 = Debug|Any CPU
		{EA583A67-3530-4FFA-83BC-30FB5018813F}.Release|Any CPU.ActiveCfg = Release|Any CPU
		{EA583A67-3530-4FFA-83BC-30FB5018813F}.Release|Any CPU.Build.0 = Release|Any CPU
		{EA583A67-3530-4FFA-83BC-30FB5018813F}.Release|x64.ActiveCfg = Release|Any CPU
		{EA583A67-3530-4FFA-83BC-30FB5018813F}.Release|x64.Build.0 = Release|Any CPU
		{EA583A67-3530-4FFA-83BC-30FB5018813F}.Release|x86.ActiveCfg = Release|Any CPU
		{EA583A67-3530-4FFA-83BC-30FB5018813F}.Release|x86.Build.0 = Release|Any CPU
	EndGlobalSection
	GlobalSection(SolutionProperties) = preSolution
		HideSolutionNode = FALSE
	EndGlobalSection
	GlobalSection(NestedProjects) = preSolution
		{74911C15-60EA-47F9-AAA5-8807469936A4} = {827E0CD3-B72D-47B6-A68D-7590B98EB39B}
		{5B025BFD-893B-44C4-8982-889DECD2B8AF} = {827E0CD3-B72D-47B6-A68D-7590B98EB39B}
		{FE379031-67F9-4099-B4E1-DD6ECE012CE8} = {827E0CD3-B72D-47B6-A68D-7590B98EB39B}
		{DDC9ECE6-D1E0-4100-9B7D-D67AD4FF17E5} = {827E0CD3-B72D-47B6-A68D-7590B98EB39B}
		{C09A7B7B-6356-4EC5-95E3-7CF64A5955E5} = {0AB3BF05-4346-4AA6-1389-037BE0695223}
		{B5FACA86-6BC8-4714-8AEC-A369F37A1C9C} = {0AB3BF05-4346-4AA6-1389-037BE0695223}
		{8DD1FA0C-7FE2-4264-9142-0A5F771B3E2B} = {0AB3BF05-4346-4AA6-1389-037BE0695223}
		{EA583A67-3530-4FFA-83BC-30FB5018813F} = {0AB3BF05-4346-4AA6-1389-037BE0695223}
	EndGlobalSection
EndGlobal
